
Microsoft Visual Studio Solution File, Format Version 12.00
Project("{FAE04EC0-301F-11D3-BF4B-00C04F79EFBC}") = "JiraOauth", "JiraOauth\JiraOauth.csproj", "{CBCB184E-6E9C-4694-9EF2-8775C6223B1D}"
EndProject
Global
	GlobalSection(SolutionConfigurationPlatforms) = preSolution
		Debug|Any CPU = Debug|Any CPU
		Release|Any CPU = Release|Any CPU
	EndGlobalSection
	GlobalSection(ProjectConfigurationPlatforms) = postSolution
		{CBCB184E-6E9C-4694-9EF2-8775C6223B1D}.Debug|Any CPU.ActiveCfg = Debug|Any CPU
		{CBCB184E-6E9C-4694-9EF2-8775C6223B1D}.Debug|Any CPU.Build.0 = Debug|Any CPU
		{CBCB184E-6E9C-4694-9EF2-8775C6223B1D}.Release|Any CPU.ActiveCfg = Release|Any CPU
		{CBCB184E-6E9C-4694-9EF2-8775C6223B1D}.Release|Any CPU.Build.0 = Release|Any CPU
	EndGlobalSection
EndGlobal
